
Microsoft Visual Studio Solution File, Format Version 11.00
# Visual C# Express 2010
Project("{FAE04EC0-301F-11D3-BF4B-00C04F79EFBC}") = "Limake", "Limake\Limake.csproj", "{535EB6A7-738F-4525-8BC4-5EDA9798CDA8}"
EndProject
Project("{FAE04EC0-301F-11D3-BF4B-00C04F79EFBC}") = "ConsoleRunner", "ConsoleRunner\ConsoleRunner.csproj", "{2EBB76BD-ABA6-485F-854B-A8D8024B8EC4}"
EndProject
Project("{FAE04EC0-301F-11D3-BF4B-00C04F79EFBC}") = "LimakeTest", "LimakeTest\LimakeTest.csproj", "{7336C1C5-D424-4111-933E-3D3D5FA9EC2D}"
EndProject
Project("{FAE04EC0-301F-11D3-BF4B-00C04F79EFBC}") = "LimakeSL", "Limake\LimakeSL.csproj", "{8C8E82D6-8958-4C28-BA50-E2154AB3E029}"
EndProject
Project("{FAE04EC0-301F-11D3-BF4B-00C04F79EFBC}") = "LimakeSilverLightUI", "LimakeSilverLightUI\LimakeSilverLightUI.csproj", "{5A1B7775-F5E6-46B1-BCCF-8765C47310F5}"
EndProject
Project("{FAE04EC0-301F-11D3-BF4B-00C04F79EFBC}") = "SLTestRunner", "SLTestRunner\SLTestRunner.csproj", "{BD089BD5-1DC4-4F7F-95DF-51738EABF850}"
EndProject
Project("{FAE04EC0-301F-11D3-BF4B-00C04F79EFBC}") = "ConsoleTestRunner", "ConsoleTestRunner\ConsoleTestRunner.csproj", "{9AB49609-C62E-4D2B-AA81-06419847F410}"
EndProject
Project("{FAE04EC0-301F-11D3-BF4B-00C04F79EFBC}") = "SinglePlayerSolver", "SinglePlayerSolver\SinglePlayerSolver.csproj", "{7B677263-07A6-42BB-9187-9C115B298269}"
EndProject
Global
	GlobalSection(SolutionConfigurationPlatforms) = preSolution
		Debug|Any CPU = Debug|Any CPU
		Debug|Mixed Platforms = Debug|Mixed Platforms
		Debug|x86 = Debug|x86
		Release|Any CPU = Release|Any CPU
		Release|Mixed Platforms = Release|Mixed Platforms
		Release|x86 = Release|x86
	EndGlobalSection
	GlobalSection(ProjectConfigurationPlatforms) = postSolution
		{535EB6A7-738F-4525-8BC4-5EDA9798CDA8}.Debug|Any CPU.ActiveCfg = Debug|Any CPU
		{535EB6A7-738F-4525-8BC4-5EDA9798CDA8}.Debug|Any CPU.Build.0 = Debug|Any CPU
		{535EB6A7-738F-4525-8BC4-5EDA9798CDA8}.Debug|Mixed Platforms.ActiveCfg = Debug|Any CPU
		{535EB6A7-738F-4525-8BC4-5EDA9798CDA8}.Debug|Mixed Platforms.Build.0 = Debug|Any CPU
		{535EB6A7-738F-4525-8BC4-5EDA9798CDA8}.Debug|x86.ActiveCfg = Debug|Any CPU
		{535EB6A7-738F-4525-8BC4-5EDA9798CDA8}.Release|Any CPU.ActiveCfg = Release|Any CPU
		{535EB6A7-738F-4525-8BC4-5EDA9798CDA8}.Release|Any CPU.Build.0 = Release|Any CPU
		{535EB6A7-738F-4525-8BC4-5EDA9798CDA8}.Release|Mixed Platforms.ActiveCfg = Release|Any CPU
		{535EB6A7-738F-4525-8BC4-5EDA9798CDA8}.Release|Mixed Platforms.Build.0 = Release|Any CPU
		{535EB6A7-738F-4525-8BC4-5EDA9798CDA8}.Release|x86.ActiveCfg = Release|Any CPU
		{2EBB76BD-ABA6-485F-854B-A8D8024B8EC4}.Debug|Any CPU.ActiveCfg = Debug|x86
		{2EBB76BD-ABA6-485F-854B-A8D8024B8EC4}.Debug|Mixed Platforms.ActiveCfg = Debug|x86
		{2EBB76BD-ABA6-485F-854B-A8D8024B8EC4}.Debug|Mixed Platforms.Build.0 = Debug|x86
		{2EBB76BD-ABA6-485F-854B-A8D8024B8EC4}.Debug|x86.ActiveCfg = Debug|x86
		{2EBB76BD-ABA6-485F-854B-A8D8024B8EC4}.Debug|x86.Build.0 = Debug|x86
		{2EBB76BD-ABA6-485F-854B-A8D8024B8EC4}.Release|Any CPU.ActiveCfg = Release|x86
		{2EBB76BD-ABA6-485F-854B-A8D8024B8EC4}.Release|Mixed Platforms.ActiveCfg = Release|x86
		{2EBB76BD-ABA6-485F-854B-A8D8024B8EC4}.Release|Mixed Platforms.Build.0 = Release|x86
		{2EBB76BD-ABA6-485F-854B-A8D8024B8EC4}.Release|x86.ActiveCfg = Release|x86
		{2EBB76BD-ABA6-485F-854B-A8D8024B8EC4}.Release|x86.Build.0 = Release|x86
		{7336C1C5-D424-4111-933E-3D3D5FA9EC2D}.Debug|Any CPU.ActiveCfg = Debug|Any CPU
		{7336C1C5-D424-4111-933E-3D3D5FA9EC2D}.Debug|Any CPU.Build.0 = Debug|Any CPU
		{7336C1C5-D424-4111-933E-3D3D5FA9EC2D}.Debug|Mixed Platforms.ActiveCfg = Debug|Any CPU
		{7336C1C5-D424-4111-933E-3D3D5FA9EC2D}.Debug|Mixed Platforms.Build.0 = Debug|Any CPU
		{7336C1C5-D424-4111-933E-3D3D5FA9EC2D}.Debug|x86.ActiveCfg = Debug|Any CPU
		{7336C1C5-D424-4111-933E-3D3D5FA9EC2D}.Release|Any CPU.ActiveCfg = Release|Any CPU
		{7336C1C5-D424-4111-933E-3D3D5FA9EC2D}.Release|Any CPU.Build.0 = Release|Any CPU
		{7336C1C5-D424-4111-933E-3D3D5FA9EC2D}.Release|Mixed Platforms.ActiveCfg = Release|Any CPU
		{7336C1C5-D424-4111-933E-3D3D5FA9EC2D}.Release|Mixed Platforms.Build.0 = Release|Any CPU
		{7336C1C5-D424-4111-933E-3D3D5FA9EC2D}.Release|x86.ActiveCfg = Release|Any CPU
		{8C8E82D6-8958-4C28-BA50-E2154AB3E029}.Debug|Any CPU.ActiveCfg = Debug|Any CPU
		{8C8E82D6-8958-4C28-BA50-E2154AB3E029}.Debug|Any CPU.Build.0 = Debug|Any CPU
		{8C8E82D6-8958-4C28-BA50-E2154AB3E029}.Debug|Mixed Platforms.ActiveCfg = Debug|Any CPU
		{8C8E82D6-8958-4C28-BA50-E2154AB3E029}.Debug|Mixed Platforms.Build.0 = Debug|Any CPU
		{8C8E82D6-8958-4C28-BA50-E2154AB3E029}.Debug|x86.ActiveCfg = Debug|Any CPU
		{8C8E82D6-8958-4C28-BA50-E2154AB3E029}.Release|Any CPU.ActiveCfg = Release|Any CPU
		{8C8E82D6-8958-4C28-BA50-E2154AB3E029}.Release|Any CPU.Build.0 = Release|Any CPU
		{8C8E82D6-8958-4C28-BA50-E2154AB3E029}.Release|Mixed Platforms.ActiveCfg = Release|Any CPU
		{8C8E82D6-8958-4C28-BA50-E2154AB3E029}.Release|Mixed Platforms.Build.0 = Release|Any CPU
		{8C8E82D6-8958-4C28-BA50-E2154AB3E029}.Release|x86.ActiveCfg = Release|Any CPU
		{5A1B7775-F5E6-46B1-BCCF-8765C47310F5}.Debug|Any CPU.ActiveCfg = Debug|Any CPU
		{5A1B7775-F5E6-46B1-BCCF-8765C47310F5}.Debug|Any CPU.Build.0 = Debug|Any CPU
		{5A1B7775-F5E6-46B1-BCCF-8765C47310F5}.Debug|Mixed Platforms.ActiveCfg = Debug|Any CPU
		{5A1B7775-F5E6-46B1-BCCF-8765C47310F5}.Debug|Mixed Platforms.Build.0 = Debug|Any CPU
		{5A1B7775-F5E6-46B1-BCCF-8765C47310F5}.Debug|x86.ActiveCfg = Debug|Any CPU
		{5A1B7775-F5E6-46B1-BCCF-8765C47310F5}.Release|Any CPU.ActiveCfg = Release|Any CPU
		{5A1B7775-F5E6-46B1-BCCF-8765C47310F5}.Release|Any CPU.Build.0 = Release|Any CPU
		{5A1B7775-F5E6-46B1-BCCF-8765C47310F5}.Release|Mixed Platforms.ActiveCfg = Release|Any CPU
		{5A1B7775-F5E6-46B1-BCCF-8765C47310F5}.Release|Mixed Platforms.Build.0 = Release|Any CPU
		{5A1B7775-F5E6-46B1-BCCF-8765C47310F5}.Release|x86.ActiveCfg = Release|Any CPU
		{BD089BD5-1DC4-4F7F-95DF-51738EABF850}.Debug|Any CPU.ActiveCfg = Debug|Any CPU
		{BD089BD5-1DC4-4F7F-95DF-51738EABF850}.Debug|Any CPU.Build.0 = Debug|Any CPU
		{BD089BD5-1DC4-4F7F-95DF-51738EABF850}.Debug|Mixed Platforms.ActiveCfg = Debug|Any CPU
		{BD089BD5-1DC4-4F7F-95DF-51738EABF850}.Debug|Mixed Platforms.Build.0 = Debug|Any CPU
		{BD089BD5-1DC4-4F7F-95DF-51738EABF850}.Debug|x86.ActiveCfg = Debug|Any CPU
		{BD089BD5-1DC4-4F7F-95DF-51738EABF850}.Release|Any CPU.ActiveCfg = Release|Any CPU
		{BD089BD5-1DC4-4F7F-95DF-51738EABF850}.Release|Any CPU.Build.0 = Release|Any CPU
		{BD089BD5-1DC4-4F7F-95DF-51738EABF850}.Release|Mixed Platforms.ActiveCfg = Release|Any CPU
		{BD089BD5-1DC4-4F7F-95DF-51738EABF850}.Release|Mixed Platforms.Build.0 = Release|Any CPU
		{BD089BD5-1DC4-4F7F-95DF-51738EABF850}.Release|x86.ActiveCfg = Release|Any CPU
		{9AB49609-C62E-4D2B-AA81-06419847F410}.Debug|Any CPU.ActiveCfg = Debug|x86
		{9AB49609-C62E-4D2B-AA81-06419847F410}.Debug|Mixed Platforms.ActiveCfg = Debug|x86
		{9AB49609-C62E-4D2B-AA81-06419847F410}.Debug|Mixed Platforms.Build.0 = Debug|x86
		{9AB49609-C62E-4D2B-AA81-06419847F410}.Debug|x86.ActiveCfg = Debug|x86
		{9AB49609-C62E-4D2B-AA81-06419847F410}.Debug|x86.Build.0 = Debug|x86
		{9AB49609-C62E-4D2B-AA81-06419847F410}.Release|Any CPU.ActiveCfg = Release|x86
		{9AB49609-C62E-4D2B-AA81-06419847F410}.Release|Mixed Platforms.ActiveCfg = Release|x86
		{9AB49609-C62E-4D2B-AA81-06419847F410}.Release|Mixed Platforms.Build.0 = Release|x86
		{9AB49609-C62E-4D2B-AA81-06419847F410}.Release|x86.ActiveCfg = Release|x86
		{9AB49609-C62E-4D2B-AA81-06419847F410}.Release|x86.Build.0 = Release|x86
		{7B677263-07A6-42BB-9187-9C115B298269}.Debug|Any CPU.ActiveCfg = Debug|x86
		{7B677263-07A6-42BB-9187-9C115B298269}.Debug|Mixed Platforms.ActiveCfg = Debug|x86
		{7B677263-07A6-42BB-9187-9C115B298269}.Debug|Mixed Platforms.Build.0 = Debug|x86
		{7B677263-07A6-42BB-9187-9C115B298269}.Debug|x86.ActiveCfg = Debug|x86
		{7B677263-07A6-42BB-9187-9C115B298269}.Debug|x86.Build.0 = Debug|x86
		{7B677263-07A6-42BB-9187-9C115B298269}.Release|Any CPU.ActiveCfg = Release|x86
		{7B677263-07A6-42BB-9187-9C115B298269}.Release|Mixed Platforms.ActiveCfg = Release|x86
		{7B677263-07A6-42BB-9187-9C115B298269}.Release|Mixed Platforms.Build.0 = Release|x86
		{7B677263-07A6-42BB-9187-9C115B298269}.Release|x86.ActiveCfg = Release|x86
		{7B677263-07A6-42BB-9187-9C115B298269}.Release|x86.Build.0 = Release|x86
	EndGlobalSection
	GlobalSection(SolutionProperties) = preSolution
		HideSolutionNode = FALSE
	EndGlobalSection
EndGlobal
